
Microsoft Visual Studio Solution File, Format Version 12.00
# Visual Studio Version 16
VisualStudioVersion = 16.0.30204.135
MinimumVisualStudioVersion = 10.0.40219.1
Project("{888888A0-9F3D-457C-B088-3A5042F75D52}") = "彩券選號機2", "彩券選號機2.pyproj", "{AF69806D-57C3-42D1-98A1-3783C7049CBC}"
EndProject
Global
	GlobalSection(SolutionConfigurationPlatforms) = preSolution
		Debug|Any CPU = Debug|Any CPU
		Release|Any CPU = Release|Any CPU
	EndGlobalSection
	GlobalSection(ProjectConfigurationPlatforms) = postSolution
		{AF69806D-57C3-42D1-98A1-3783C7049CBC}.Debug|Any CPU.ActiveCfg = Debug|Any CPU
		{AF69806D-57C3-42D1-98A1-3783C7049CBC}.Release|Any CPU.ActiveCfg = Release|Any CPU
	EndGlobalSection
	GlobalSection(SolutionProperties) = preSolution
		HideSolutionNode = FALSE
	EndGlobalSection
	GlobalSection(ExtensibilityGlobals) = postSolution
		SolutionGuid = {EA88B124-170D-42B5-88C6-A8AF5A28241E}
	EndGlobalSection
EndGlobal
