
Microsoft Visual Studio Solution File, Format Version 12.00
# Visual Studio Version 16
VisualStudioVersion = 16.0.30204.135
MinimumVisualStudioVersion = 10.0.40219.1
Project("{888888A0-9F3D-457C-B088-3A5042F75D52}") = "彩券選號機", "彩券選號機.pyproj", "{2330210F-9526-4EF6-B0BC-9C178137BB91}"
EndProject
Global
	GlobalSection(SolutionConfigurationPlatforms) = preSolution
		Debug|Any CPU = Debug|Any CPU
		Release|Any CPU = Release|Any CPU
	EndGlobalSection
	GlobalSection(ProjectConfigurationPlatforms) = postSolution
		{2330210F-9526-4EF6-B0BC-9C178137BB91}.Debug|Any CPU.ActiveCfg = Debug|Any CPU
		{2330210F-9526-4EF6-B0BC-9C178137BB91}.Release|Any CPU.ActiveCfg = Release|Any CPU
	EndGlobalSection
	GlobalSection(SolutionProperties) = preSolution
		HideSolutionNode = FALSE
	EndGlobalSection
	GlobalSection(ExtensibilityGlobals) = postSolution
		SolutionGuid = {1A2B0A0F-7113-4A59-8878-D6FC4AF061FB}
	EndGlobalSection
EndGlobal
