
Microsoft Visual Studio Solution File, Format Version 12.00
# Visual Studio Version 16
VisualStudioVersion = 16.0.30128.74
MinimumVisualStudioVersion = 10.0.40219.1
Project("{888888A0-9F3D-457C-B088-3A5042F75D52}") = "三角形長度計算機", "三角形長度計算機.pyproj", "{846025D7-CC77-4C95-BFCE-0C542A15582D}"
EndProject
Global
	GlobalSection(SolutionConfigurationPlatforms) = preSolution
		Debug|Any CPU = Debug|Any CPU
		Release|Any CPU = Release|Any CPU
	EndGlobalSection
	GlobalSection(ProjectConfigurationPlatforms) = postSolution
		{846025D7-CC77-4C95-BFCE-0C542A15582D}.Debug|Any CPU.ActiveCfg = Debug|Any CPU
		{846025D7-CC77-4C95-BFCE-0C542A15582D}.Release|Any CPU.ActiveCfg = Release|Any CPU
	EndGlobalSection
	GlobalSection(SolutionProperties) = preSolution
		HideSolutionNode = FALSE
	EndGlobalSection
	GlobalSection(ExtensibilityGlobals) = postSolution
		SolutionGuid = {44B73984-54EA-4A86-94C1-767989873959}
	EndGlobalSection
EndGlobal
